
Microsoft Visual Studio Solution File, Format Version 12.00
# Visual Studio Version 17
VisualStudioVersion = 17.14.36221.1
MinimumVisualStudioVersion = 10.0.40219.1
Project("{FAE04EC0-301F-11D3-BF4B-00C04F79EFBC}") = "DVLD", "DVLD.csproj", "{0320508D-2AD7-40C9-9BDB-9329978D0596}"
EndProject
Project("{FAE04EC0-301F-11D3-BF4B-00C04F79EFBC}") = "DVLD_Buisness", "..\DVLD_Buisness\DVLD_Buisness.csproj", "{6EED69AB-1386-4117-8A38-59275ADB8F4E}"
EndProject
Project("{FAE04EC0-301F-11D3-BF4B-00C04F79EFBC}") = "DVLD_DataAccess", "..\DVLD_DataAccess\DVLD_DataAccess.csproj", "{A5EB13D8-3092-48AB-A739-B379CBB32CC4}"
EndProject
Global
	GlobalSection(SolutionConfigurationPlatforms) = preSolution
		Debug|Any CPU = Debug|Any CPU
		Release|Any CPU = Release|Any CPU
	EndGlobalSection
	GlobalSection(ProjectConfigurationPlatforms) = postSolution
		{0320508D-2AD7-40C9-9BDB-9329978D0596}.Debug|Any CPU.ActiveCfg = Debug|Any CPU
		{0320508D-2AD7-40C9-9BDB-9329978D0596}.Debug|Any CPU.Build.0 = Debug|Any CPU
		{0320508D-2AD7-40C9-9BDB-9329978D0596}.Release|Any CPU.ActiveCfg = Release|Any CPU
		{0320508D-2AD7-40C9-9BDB-9329978D0596}.Release|Any CPU.Build.0 = Release|Any CPU
		{6EED69AB-1386-4117-8A38-59275ADB8F4E}.Debug|Any CPU.ActiveCfg = Debug|Any CPU
		{6EED69AB-1386-4117-8A38-59275ADB8F4E}.Debug|Any CPU.Build.0 = Debug|Any CPU
		{6EED69AB-1386-4117-8A38-59275ADB8F4E}.Release|Any CPU.ActiveCfg = Release|Any CPU
		{6EED69AB-1386-4117-8A38-59275ADB8F4E}.Release|Any CPU.Build.0 = Release|Any CPU
		{A5EB13D8-3092-48AB-A739-B379CBB32CC4}.Debug|Any CPU.ActiveCfg = Debug|Any CPU
		{A5EB13D8-3092-48AB-A739-B379CBB32CC4}.Debug|Any CPU.Build.0 = Debug|Any CPU
		{A5EB13D8-3092-48AB-A739-B379CBB32CC4}.Release|Any CPU.ActiveCfg = Release|Any CPU
		{A5EB13D8-3092-48AB-A739-B379CBB32CC4}.Release|Any CPU.Build.0 = Release|Any CPU
	EndGlobalSection
	GlobalSection(SolutionProperties) = preSolution
		HideSolutionNode = FALSE
	EndGlobalSection
	GlobalSection(ExtensibilityGlobals) = postSolution
		SolutionGuid = {B3EB61EE-151D-43EB-9173-5B9C479979F0}
	EndGlobalSection
EndGlobal
